// !$*UTF8*$!
{
	archiveVersion = 1;
	classes = {
	};
	objectVersion = 50;
	objects = {

/* Begin PBXBuildFile section */
		348EB7256AC2B29FD058AF39 /* Pods_TextDetection_Vision_MLKit.framework in Frameworks */ = {isa = PBXBuildFile; fileRef = CE6425309115497D311A920F /* Pods_TextDetection_Vision_MLKit.framework */; };
		D3C7E53D20ACEC0D00CD1377 /* DetailViewController.swift in Sources */ = {isa = PBXBuildFile; fileRef = D3C7E53C20ACEC0D00CD1377 /* DetailViewController.swift */; };
		D3C7E54020AF3B2300CD1377 /* TrackingViewController.swift in Sources */ = {isa = PBXBuildFile; fileRef = D3C7E53F20AF3B2200CD1377 /* TrackingViewController.swift */; };
		D3C7E54220AF3F3F00CD1377 /* UIImage+PixelBuffer.swift in Sources */ = {isa = PBXBuildFile; fileRef = D3C7E54120AF3F3F00CD1377 /* UIImage+PixelBuffer.swift */; };
		D3C7E54420AF5E2B00CD1377 /* CMSampleBuffer+toImage.swift in Sources */ = {isa = PBXBuildFile; fileRef = D3C7E54320AF5E2B00CD1377 /* CMSampleBuffer+toImage.swift */; };
		D3C7E56320AF800E00CD1377 /* UIImage+FixOrientation.swift in Sources */ = {isa = PBXBuildFile; fileRef = D3C7E56220AF800E00CD1377 /* UIImage+FixOrientation.swift */; };
		D3C7E56520AF815100CD1377 /* CGRect+AVtoUIKitConversion.swift in Sources */ = {isa = PBXBuildFile; fileRef = D3C7E56420AF815100CD1377 /* CGRect+AVtoUIKitConversion.swift */; };
		D3C7E56720AF834900CD1377 /* CGRect+ResizeTo.swift in Sources */ = {isa = PBXBuildFile; fileRef = D3C7E56620AF834900CD1377 /* CGRect+ResizeTo.swift */; };
		D3D471FD20A4D969002567DB /* LaunchScreen.storyboard in Resources */ = {isa = PBXBuildFile; fileRef = D3D471D920A4D969002567DB /* LaunchScreen.storyboard */; };
		D3D471FE20A4D969002567DB /* Main.storyboard in Resources */ = {isa = PBXBuildFile; fileRef = D3D471DB20A4D969002567DB /* Main.storyboard */; };
		D3D471FF20A4D969002567DB /* Storyboard.swift in Sources */ = {isa = PBXBuildFile; fileRef = D3D471DD20A4D969002567DB /* Storyboard.swift */; };
		D3D4720120A4D969002567DB /* Environment.swift in Sources */ = {isa = PBXBuildFile; fileRef = D3D471E020A4D969002567DB /* Environment.swift */; };
		D3D4720720A4D969002567DB /* Config.swift in Sources */ = {isa = PBXBuildFile; fileRef = D3D471E820A4D969002567DB /* Config.swift */; };
		D3D4720A20A4D969002567DB /* Decoders.swift in Sources */ = {isa = PBXBuildFile; fileRef = D3D471EE20A4D969002567DB /* Decoders.swift */; };
		D3D4720B20A4D969002567DB /* Formatters.swift in Sources */ = {isa = PBXBuildFile; fileRef = D3D471EF20A4D969002567DB /* Formatters.swift */; };
		D3D4720D20A4D969002567DB /* AppDelegate.swift in Sources */ = {isa = PBXBuildFile; fileRef = D3D471F220A4D969002567DB /* AppDelegate.swift */; };
		D3D4721020A4D969002567DB /* Appearance.swift in Sources */ = {isa = PBXBuildFile; fileRef = D3D471F720A4D969002567DB /* Appearance.swift */; };
		D3D4721220A4D969002567DB /* Assets.xcassets in Resources */ = {isa = PBXBuildFile; fileRef = D3D471FB20A4D969002567DB /* Assets.xcassets */; };
		D3D89C9320A4FCB60011F7F3 /* Podfile in Resources */ = {isa = PBXBuildFile; fileRef = D3D89C9220A4FCB60011F7F3 /* Podfile */; };
		D3D89C9520A4FE610011F7F3 /* GoogleService-Info.plist in Resources */ = {isa = PBXBuildFile; fileRef = D3D89C9420A4FE610011F7F3 /* GoogleService-Info.plist */; };
/* End PBXBuildFile section */

/* Begin PBXCopyFilesBuildPhase section */
		D3C7E56120AF6DB500CD1377 /* Embed Frameworks */ = {
			isa = PBXCopyFilesBuildPhase;
			buildActionMask = 2147483647;
			dstPath = "";
			dstSubfolderSpec = 10;
			files = (
			);
			name = "Embed Frameworks";
			runOnlyForDeploymentPostprocessing = 0;
		};
/* End PBXCopyFilesBuildPhase section */

/* Begin PBXFileReference section */
		6D4898EA7B613924C1FCAE1A /* Pods-TextDetection-Vision-MLKit.release.xcconfig */ = {isa = PBXFileReference; includeInIndex = 1; lastKnownFileType = text.xcconfig; name = "Pods-TextDetection-Vision-MLKit.release.xcconfig"; path = "Pods/Target Support Files/Pods-TextDetection-Vision-MLKit/Pods-TextDetection-Vision-MLKit.release.xcconfig"; sourceTree = "<group>"; };
		6F47D951F99E155FEF8AEF49 /* Pods-TextDetection-Vision-MLKit.debug.xcconfig */ = {isa = PBXFileReference; includeInIndex = 1; lastKnownFileType = text.xcconfig; name = "Pods-TextDetection-Vision-MLKit.debug.xcconfig"; path = "Pods/Target Support Files/Pods-TextDetection-Vision-MLKit/Pods-TextDetection-Vision-MLKit.debug.xcconfig"; sourceTree = "<group>"; };
		CE6425309115497D311A920F /* Pods_TextDetection_Vision_MLKit.framework */ = {isa = PBXFileReference; explicitFileType = wrapper.framework; includeInIndex = 0; path = Pods_TextDetection_Vision_MLKit.framework; sourceTree = BUILT_PRODUCTS_DIR; };
		D3C7E53C20ACEC0D00CD1377 /* DetailViewController.swift */ = {isa = PBXFileReference; lastKnownFileType = sourcecode.swift; path = DetailViewController.swift; sourceTree = "<group>"; };
		D3C7E53F20AF3B2200CD1377 /* TrackingViewController.swift */ = {isa = PBXFileReference; lastKnownFileType = sourcecode.swift; path = TrackingViewController.swift; sourceTree = "<group>"; };
		D3C7E54120AF3F3F00CD1377 /* UIImage+PixelBuffer.swift */ = {isa = PBXFileReference; lastKnownFileType = sourcecode.swift; path = "UIImage+PixelBuffer.swift"; sourceTree = "<group>"; };
		D3C7E54320AF5E2B00CD1377 /* CMSampleBuffer+toImage.swift */ = {isa = PBXFileReference; lastKnownFileType = sourcecode.swift; path = "CMSampleBuffer+toImage.swift"; sourceTree = "<group>"; };
		D3C7E56220AF800E00CD1377 /* UIImage+FixOrientation.swift */ = {isa = PBXFileReference; lastKnownFileType = sourcecode.swift; path = "UIImage+FixOrientation.swift"; sourceTree = "<group>"; };
		D3C7E56420AF815100CD1377 /* CGRect+AVtoUIKitConversion.swift */ = {isa = PBXFileReference; lastKnownFileType = sourcecode.swift; path = "CGRect+AVtoUIKitConversion.swift"; sourceTree = "<group>"; };
		D3C7E56620AF834900CD1377 /* CGRect+ResizeTo.swift */ = {isa = PBXFileReference; lastKnownFileType = sourcecode.swift; path = "CGRect+ResizeTo.swift"; sourceTree = "<group>"; };
		D3D471BF20A4D8AE002567DB /* TextDetection-Vision-MLKit.app */ = {isa = PBXFileReference; explicitFileType = wrapper.application; includeInIndex = 0; path = "TextDetection-Vision-MLKit.app"; sourceTree = BUILT_PRODUCTS_DIR; };
		D3D471DA20A4D969002567DB /* Base */ = {isa = PBXFileReference; lastKnownFileType = file.storyboard; name = Base; path = Base.lproj/LaunchScreen.storyboard; sourceTree = "<group>"; };
		D3D471DC20A4D969002567DB /* Base */ = {isa = PBXFileReference; lastKnownFileType = file.storyboard; name = Base; path = Base.lproj/Main.storyboard; sourceTree = "<group>"; };
		D3D471DD20A4D969002567DB /* Storyboard.swift */ = {isa = PBXFileReference; fileEncoding = 4; lastKnownFileType = sourcecode.swift; path = Storyboard.swift; sourceTree = "<group>"; };
		D3D471E020A4D969002567DB /* Environment.swift */ = {isa = PBXFileReference; fileEncoding = 4; lastKnownFileType = sourcecode.swift; path = Environment.swift; sourceTree = "<group>"; };
		D3D471E820A4D969002567DB /* Config.swift */ = {isa = PBXFileReference; fileEncoding = 4; lastKnownFileType = sourcecode.swift; path = Config.swift; sourceTree = "<group>"; };
		D3D471EE20A4D969002567DB /* Decoders.swift */ = {isa = PBXFileReference; fileEncoding = 4; lastKnownFileType = sourcecode.swift; path = Decoders.swift; sourceTree = "<group>"; };
		D3D471EF20A4D969002567DB /* Formatters.swift */ = {isa = PBXFileReference; fileEncoding = 4; lastKnownFileType = sourcecode.swift; path = Formatters.swift; sourceTree = "<group>"; };
		D3D471F220A4D969002567DB /* AppDelegate.swift */ = {isa = PBXFileReference; fileEncoding = 4; lastKnownFileType = sourcecode.swift; path = AppDelegate.swift; sourceTree = "<group>"; };
		D3D471F720A4D969002567DB /* Appearance.swift */ = {isa = PBXFileReference; fileEncoding = 4; lastKnownFileType = sourcecode.swift; path = Appearance.swift; sourceTree = "<group>"; };
		D3D471F920A4D969002567DB /* Info.plist */ = {isa = PBXFileReference; fileEncoding = 4; lastKnownFileType = text.plist.xml; path = Info.plist; sourceTree = "<group>"; };
		D3D471FB20A4D969002567DB /* Assets.xcassets */ = {isa = PBXFileReference; lastKnownFileType = folder.assetcatalog; path = Assets.xcassets; sourceTree = "<group>"; };
		D3D89C9220A4FCB60011F7F3 /* Podfile */ = {isa = PBXFileReference; fileEncoding = 4; lastKnownFileType = text; path = Podfile; sourceTree = SOURCE_ROOT; xcLanguageSpecificationIdentifier = xcode.lang.ruby; };
		D3D89C9420A4FE610011F7F3 /* GoogleService-Info.plist */ = {isa = PBXFileReference; fileEncoding = 4; lastKnownFileType = text.plist.xml; path = "GoogleService-Info.plist"; sourceTree = "<group>"; };
/* End PBXFileReference section */

/* Begin PBXFrameworksBuildPhase section */
		D3D471BC20A4D8AE002567DB /* Frameworks */ = {
			isa = PBXFrameworksBuildPhase;
			buildActionMask = 2147483647;
			files = (
				348EB7256AC2B29FD058AF39 /* Pods_TextDetection_Vision_MLKit.framework in Frameworks */,
			);
			runOnlyForDeploymentPostprocessing = 0;
		};
/* End PBXFrameworksBuildPhase section */

/* Begin PBXGroup section */
		3FD68728404DD636E63F6D1C /* Frameworks */ = {
			isa = PBXGroup;
			children = (
				CE6425309115497D311A920F /* Pods_TextDetection_Vision_MLKit.framework */,
			);
			name = Frameworks;
			sourceTree = "<group>";
		};
		CD88D21B0BADFF5DF464D657 /* Pods */ = {
			isa = PBXGroup;
			children = (
				6F47D951F99E155FEF8AEF49 /* Pods-TextDetection-Vision-MLKit.debug.xcconfig */,
				6D4898EA7B613924C1FCAE1A /* Pods-TextDetection-Vision-MLKit.release.xcconfig */,
			);
			name = Pods;
			sourceTree = "<group>";
		};
		D3D471B620A4D8AE002567DB = {
			isa = PBXGroup;
			children = (
				D3D471C120A4D8AE002567DB /* TextDetection-Vision-MLKit */,
				D3D471C020A4D8AE002567DB /* Products */,
				CD88D21B0BADFF5DF464D657 /* Pods */,
				3FD68728404DD636E63F6D1C /* Frameworks */,
			);
			sourceTree = "<group>";
		};
		D3D471C020A4D8AE002567DB /* Products */ = {
			isa = PBXGroup;
			children = (
				D3D471BF20A4D8AE002567DB /* TextDetection-Vision-MLKit.app */,
			);
			name = Products;
			sourceTree = "<group>";
		};
		D3D471C120A4D8AE002567DB /* TextDetection-Vision-MLKit */ = {
			isa = PBXGroup;
			children = (
				D3D89C9220A4FCB60011F7F3 /* Podfile */,
				D3D471FA20A4D969002567DB /* Assets */,
				D3D471D620A4D969002567DB /* Code */,
				D3D471F820A4D969002567DB /* SupportingFiles */,
			);
			path = "TextDetection-Vision-MLKit";
			sourceTree = "<group>";
		};
		D3D471D620A4D969002567DB /* Code */ = {
			isa = PBXGroup;
			children = (
				D3D471F220A4D969002567DB /* AppDelegate.swift */,
				D3D471E820A4D969002567DB /* Config.swift */,
				D3D471E020A4D969002567DB /* Environment.swift */,
				D3D471F720A4D969002567DB /* Appearance.swift */,
				D3D471D820A4D969002567DB /* Storyboards */,
				D3D471F020A4D969002567DB /* ViewControllers */,
				D3D471EB20A4D969002567DB /* Extensions */,
				D3D471ED20A4D969002567DB /* Utilities */,
			);
			path = Code;
			sourceTree = "<group>";
		};
		D3D471D820A4D969002567DB /* Storyboards */ = {
			isa = PBXGroup;
			children = (
				D3D471D920A4D969002567DB /* LaunchScreen.storyboard */,
				D3D471DB20A4D969002567DB /* Main.storyboard */,
				D3D471DD20A4D969002567DB /* Storyboard.swift */,
			);
			path = Storyboards;
			sourceTree = "<group>";
		};
		D3D471EB20A4D969002567DB /* Extensions */ = {
			isa = PBXGroup;
			children = (
				D3C7E54120AF3F3F00CD1377 /* UIImage+PixelBuffer.swift */,
				D3C7E54320AF5E2B00CD1377 /* CMSampleBuffer+toImage.swift */,
				D3C7E56220AF800E00CD1377 /* UIImage+FixOrientation.swift */,
				D3C7E56420AF815100CD1377 /* CGRect+AVtoUIKitConversion.swift */,
				D3C7E56620AF834900CD1377 /* CGRect+ResizeTo.swift */,
			);
			path = Extensions;
			sourceTree = "<group>";
		};
		D3D471ED20A4D969002567DB /* Utilities */ = {
			isa = PBXGroup;
			children = (
				D3D471EE20A4D969002567DB /* Decoders.swift */,
				D3D471EF20A4D969002567DB /* Formatters.swift */,
			);
			path = Utilities;
			sourceTree = "<group>";
		};
		D3D471F020A4D969002567DB /* ViewControllers */ = {
			isa = PBXGroup;
			children = (
				D3C7E53F20AF3B2200CD1377 /* TrackingViewController.swift */,
				D3C7E53C20ACEC0D00CD1377 /* DetailViewController.swift */,
			);
			path = ViewControllers;
			sourceTree = "<group>";
		};
		D3D471F820A4D969002567DB /* SupportingFiles */ = {
			isa = PBXGroup;
			children = (
				D3D89C9420A4FE610011F7F3 /* GoogleService-Info.plist */,
				D3D471F920A4D969002567DB /* Info.plist */,
			);
			path = SupportingFiles;
			sourceTree = "<group>";
		};
		D3D471FA20A4D969002567DB /* Assets */ = {
			isa = PBXGroup;
			children = (
				D3D471FB20A4D969002567DB /* Assets.xcassets */,
			);
			path = Assets;
			sourceTree = "<group>";
		};
/* End PBXGroup section */

/* Begin PBXNativeTarget section */
		D3D471BE20A4D8AE002567DB /* TextDetection-Vision-MLKit */ = {
			isa = PBXNativeTarget;
			buildConfigurationList = D3D471D120A4D8AF002567DB /* Build configuration list for PBXNativeTarget "TextDetection-Vision-MLKit" */;
			buildPhases = (
				51B4A423C630850E9CB50349 /* [CP] Check Pods Manifest.lock */,
				D3D471BB20A4D8AE002567DB /* Sources */,
				D3D471BC20A4D8AE002567DB /* Frameworks */,
				D3D471BD20A4D8AE002567DB /* Resources */,
				BCAE9D75FAFD2B8820C7ACB3 /* [CP] Embed Pods Frameworks */,
				03D901F001D01F280DB79A4B /* [CP] Copy Pods Resources */,
				D3C7E56120AF6DB500CD1377 /* Embed Frameworks */,
			);
			buildRules = (
			);
			dependencies = (
			);
			name = "TextDetection-Vision-MLKit";
			productName = "TextDetection-Vision-MLKit";
			productReference = D3D471BF20A4D8AE002567DB /* TextDetection-Vision-MLKit.app */;
			productType = "com.apple.product-type.application";
		};
/* End PBXNativeTarget section */

/* Begin PBXProject section */
		D3D471B720A4D8AE002567DB /* Project object */ = {
			isa = PBXProject;
			attributes = {
				LastSwiftUpdateCheck = 0930;
				LastUpgradeCheck = 0930;
				ORGANIZATIONNAME = "Matthias Wagner";
				TargetAttributes = {
					D3D471BE20A4D8AE002567DB = {
						CreatedOnToolsVersion = 9.3;
					};
				};
			};
			buildConfigurationList = D3D471BA20A4D8AE002567DB /* Build configuration list for PBXProject "TextDetection-Vision-MLKit" */;
			compatibilityVersion = "Xcode 9.3";
			developmentRegion = en;
			hasScannedForEncodings = 0;
			knownRegions = (
				en,
				Base,
			);
			mainGroup = D3D471B620A4D8AE002567DB;
			productRefGroup = D3D471C020A4D8AE002567DB /* Products */;
			projectDirPath = "";
			projectRoot = "";
			targets = (
				D3D471BE20A4D8AE002567DB /* TextDetection-Vision-MLKit */,
			);
		};
/* End PBXProject section */

/* Begin PBXResourcesBuildPhase section */
		D3D471BD20A4D8AE002567DB /* Resources */ = {
			isa = PBXResourcesBuildPhase;
			buildActionMask = 2147483647;
			files = (
				D3D4721220A4D969002567DB /* Assets.xcassets in Resources */,
				D3D471FE20A4D969002567DB /* Main.storyboard in Resources */,
				D3D471FD20A4D969002567DB /* LaunchScreen.storyboard in Resources */,
				D3D89C9320A4FCB60011F7F3 /* Podfile in Resources */,
				D3D89C9520A4FE610011F7F3 /* GoogleService-Info.plist in Resources */,
			);
			runOnlyForDeploymentPostprocessing = 0;
		};
/* End PBXResourcesBuildPhase section */

/* Begin PBXShellScriptBuildPhase section */
		03D901F001D01F280DB79A4B /* [CP] Copy Pods Resources */ = {
			isa = PBXShellScriptBuildPhase;
			buildActionMask = 2147483647;
			files = (
			);
			inputPaths = (
				"${SRCROOT}/Pods/Target Support Files/Pods-TextDetection-Vision-MLKit/Pods-TextDetection-Vision-MLKit-resources.sh",
				"${PODS_CONFIGURATION_BUILD_DIR}/GoogleMobileVision/GoogleMVTextDetectorResources.bundle",
			);
			name = "[CP] Copy Pods Resources";
			outputPaths = (
				"${TARGET_BUILD_DIR}/${UNLOCALIZED_RESOURCES_FOLDER_PATH}/GoogleMVTextDetectorResources.bundle",
			);
			runOnlyForDeploymentPostprocessing = 0;
			shellPath = /bin/sh;
			shellScript = "\"${SRCROOT}/Pods/Target Support Files/Pods-TextDetection-Vision-MLKit/Pods-TextDetection-Vision-MLKit-resources.sh\"\n";
			showEnvVarsInLog = 0;
		};
		51B4A423C630850E9CB50349 /* [CP] Check Pods Manifest.lock */ = {
			isa = PBXShellScriptBuildPhase;
			buildActionMask = 2147483647;
			files = (
			);
			inputPaths = (
				"${PODS_PODFILE_DIR_PATH}/Podfile.lock",
				"${PODS_ROOT}/Manifest.lock",
			);
			name = "[CP] Check Pods Manifest.lock";
			outputPaths = (
				"$(DERIVED_FILE_DIR)/Pods-TextDetection-Vision-MLKit-checkManifestLockResult.txt",
			);
			runOnlyForDeploymentPostprocessing = 0;
			shellPath = /bin/sh;
			shellScript = "diff \"${PODS_PODFILE_DIR_PATH}/Podfile.lock\" \"${PODS_ROOT}/Manifest.lock\" > /dev/null\nif [ $? != 0 ] ; then\n    # print error to STDERR\n    echo \"error: The sandbox is not in sync with the Podfile.lock. Run 'pod install' or update your CocoaPods installation.\" >&2\n    exit 1\nfi\n# This output is used by Xcode 'outputs' to avoid re-running this script phase.\necho \"SUCCESS\" > \"${SCRIPT_OUTPUT_FILE_0}\"\n";
			showEnvVarsInLog = 0;
		};
		BCAE9D75FAFD2B8820C7ACB3 /* [CP] Embed Pods Frameworks */ = {
			isa = PBXShellScriptBuildPhase;
			buildActionMask = 2147483647;
			files = (
			);
			inputPaths = (
				"${SRCROOT}/Pods/Target Support Files/Pods-TextDetection-Vision-MLKit/Pods-TextDetection-Vision-MLKit-frameworks.sh",
				"${BUILT_PRODUCTS_DIR}/Diff/Diff.framework",
				"${BUILT_PRODUCTS_DIR}/GDPerformanceView-Swift/GDPerformanceView_Swift.framework",
				"${BUILT_PRODUCTS_DIR}/GTMSessionFetcher/GTMSessionFetcher.framework",
				"${BUILT_PRODUCTS_DIR}/GoogleAPIClientForREST/GoogleAPIClientForREST.framework",
				"${BUILT_PRODUCTS_DIR}/GoogleToolboxForMac/GoogleToolboxForMac.framework",
				"${BUILT_PRODUCTS_DIR}/MBDataSource/MBDataSource.framework",
				"${BUILT_PRODUCTS_DIR}/Protobuf/Protobuf.framework",
				"${BUILT_PRODUCTS_DIR}/ReactiveCocoa/ReactiveCocoa.framework",
				"${BUILT_PRODUCTS_DIR}/ReactiveSwift/ReactiveSwift.framework",
				"${BUILT_PRODUCTS_DIR}/Result/Result.framework",
				"${BUILT_PRODUCTS_DIR}/nanopb/nanopb.framework",
			);
			name = "[CP] Embed Pods Frameworks";
			outputPaths = (
				"${TARGET_BUILD_DIR}/${FRAMEWORKS_FOLDER_PATH}/Diff.framework",
				"${TARGET_BUILD_DIR}/${FRAMEWORKS_FOLDER_PATH}/GDPerformanceView_Swift.framework",
				"${TARGET_BUILD_DIR}/${FRAMEWORKS_FOLDER_PATH}/GTMSessionFetcher.framework",
				"${TARGET_BUILD_DIR}/${FRAMEWORKS_FOLDER_PATH}/GoogleAPIClientForREST.framework",
				"${TARGET_BUILD_DIR}/${FRAMEWORKS_FOLDER_PATH}/GoogleToolboxForMac.framework",
				"${TARGET_BUILD_DIR}/${FRAMEWORKS_FOLDER_PATH}/MBDataSource.framework",
				"${TARGET_BUILD_DIR}/${FRAMEWORKS_FOLDER_PATH}/Protobuf.framework",
				"${TARGET_BUILD_DIR}/${FRAMEWORKS_FOLDER_PATH}/ReactiveCocoa.framework",
				"${TARGET_BUILD_DIR}/${FRAMEWORKS_FOLDER_PATH}/ReactiveSwift.framework",
				"${TARGET_BUILD_DIR}/${FRAMEWORKS_FOLDER_PATH}/Result.framework",
				"${TARGET_BUILD_DIR}/${FRAMEWORKS_FOLDER_PATH}/nanopb.framework",
			);
			runOnlyForDeploymentPostprocessing = 0;
			shellPath = /bin/sh;
			shellScript = "\"${SRCROOT}/Pods/Target Support Files/Pods-TextDetection-Vision-MLKit/Pods-TextDetection-Vision-MLKit-frameworks.sh\"\n";
			showEnvVarsInLog = 0;
		};
/* End PBXShellScriptBuildPhase section */

/* Begin PBXSourcesBuildPhase section */
		D3D471BB20A4D8AE002567DB /* Sources */ = {
			isa = PBXSourcesBuildPhase;
			buildActionMask = 2147483647;
			files = (
				D3C7E53D20ACEC0D00CD1377 /* DetailViewController.swift in Sources */,
				D3D471FF20A4D969002567DB /* Storyboard.swift in Sources */,
				D3C7E54220AF3F3F00CD1377 /* UIImage+PixelBuffer.swift in Sources */,
				D3D4720B20A4D969002567DB /* Formatters.swift in Sources */,
				D3D4720D20A4D969002567DB /* AppDelegate.swift in Sources */,
				D3C7E56520AF815100CD1377 /* CGRect+AVtoUIKitConversion.swift in Sources */,
				D3D4720A20A4D969002567DB /* Decoders.swift in Sources */,
				D3D4721020A4D969002567DB /* Appearance.swift in Sources */,
				D3C7E56320AF800E00CD1377 /* UIImage+FixOrientation.swift in Sources */,
				D3C7E56720AF834900CD1377 /* CGRect+ResizeTo.swift in Sources */,
				D3C7E54420AF5E2B00CD1377 /* CMSampleBuffer+toImage.swift in Sources */,
				D3C7E54020AF3B2300CD1377 /* TrackingViewController.swift in Sources */,
				D3D4720120A4D969002567DB /* Environment.swift in Sources */,
				D3D4720720A4D969002567DB /* Config.swift in Sources */,
			);
			runOnlyForDeploymentPostprocessing = 0;
		};
/* End PBXSourcesBuildPhase section */

/* Begin PBXVariantGroup section */
		D3D471D920A4D969002567DB /* LaunchScreen.storyboard */ = {
			isa = PBXVariantGroup;
			children = (
				D3D471DA20A4D969002567DB /* Base */,
			);
			name = LaunchScreen.storyboard;
			sourceTree = "<group>";
		};
		D3D471DB20A4D969002567DB /* Main.storyboard */ = {
			isa = PBXVariantGroup;
			children = (
				D3D471DC20A4D969002567DB /* Base */,
			);
			name = Main.storyboard;
			sourceTree = "<group>";
		};
/* End PBXVariantGroup section */

/* Begin XCBuildConfiguration section */
		D3D471CF20A4D8AF002567DB /* Debug */ = {
			isa = XCBuildConfiguration;
			buildSettings = {
				ALWAYS_SEARCH_USER_PATHS = NO;
				CLANG_ANALYZER_NONNULL = YES;
				CLANG_ANALYZER_NUMBER_OBJECT_CONVERSION = YES_AGGRESSIVE;
				CLANG_CXX_LANGUAGE_STANDARD = "gnu++14";
				CLANG_CXX_LIBRARY = "libc++";
				CLANG_ENABLE_MODULES = YES;
				CLANG_ENABLE_OBJC_ARC = YES;
				CLANG_ENABLE_OBJC_WEAK = YES;
				CLANG_WARN_BLOCK_CAPTURE_AUTORELEASING = YES;
				CLANG_WARN_BOOL_CONVERSION = YES;
				CLANG_WARN_COMMA = YES;
				CLANG_WARN_CONSTANT_CONVERSION = YES;
				CLANG_WARN_DEPRECATED_OBJC_IMPLEMENTATIONS = YES;
				CLANG_WARN_DIRECT_OBJC_ISA_USAGE = YES_ERROR;
				CLANG_WARN_DOCUMENTATION_COMMENTS = YES;
				CLANG_WARN_EMPTY_BODY = YES;
				CLANG_WARN_ENUM_CONVERSION = YES;
				CLANG_WARN_INFINITE_RECURSION = YES;
				CLANG_WARN_INT_CONVERSION = YES;
				CLANG_WARN_NON_LITERAL_NULL_CONVERSION = YES;
				CLANG_WARN_OBJC_IMPLICIT_RETAIN_SELF = YES;
				CLANG_WARN_OBJC_LITERAL_CONVERSION = YES;
				CLANG_WARN_OBJC_ROOT_CLASS = YES_ERROR;
				CLANG_WARN_RANGE_LOOP_ANALYSIS = YES;
				CLANG_WARN_STRICT_PROTOTYPES = YES;
				CLANG_WARN_SUSPICIOUS_MOVE = YES;
				CLANG_WARN_UNGUARDED_AVAILABILITY = YES_AGGRESSIVE;
				CLANG_WARN_UNREACHABLE_CODE = YES;
				CLANG_WARN__DUPLICATE_METHOD_MATCH = YES;
				CODE_SIGN_IDENTITY = "iPhone Developer";
				COPY_PHASE_STRIP = NO;
				DEBUG_INFORMATION_FORMAT = dwarf;
				ENABLE_STRICT_OBJC_MSGSEND = YES;
				ENABLE_TESTABILITY = YES;
				GCC_C_LANGUAGE_STANDARD = gnu11;
				GCC_DYNAMIC_NO_PIC = NO;
				GCC_NO_COMMON_BLOCKS = YES;
				GCC_OPTIMIZATION_LEVEL = 0;
				GCC_PREPROCESSOR_DEFINITIONS = (
					"DEBUG=1",
					"$(inherited)",
				);
				GCC_WARN_64_TO_32_BIT_CONVERSION = YES;
				GCC_WARN_ABOUT_RETURN_TYPE = YES_ERROR;
				GCC_WARN_UNDECLARED_SELECTOR = YES;
				GCC_WARN_UNINITIALIZED_AUTOS = YES_AGGRESSIVE;
				GCC_WARN_UNUSED_FUNCTION = YES;
				GCC_WARN_UNUSED_VARIABLE = YES;
				IPHONEOS_DEPLOYMENT_TARGET = 11.3;
				MTL_ENABLE_DEBUG_INFO = YES;
				ONLY_ACTIVE_ARCH = YES;
				SDKROOT = iphoneos;
				SWIFT_ACTIVE_COMPILATION_CONDITIONS = DEBUG;
				SWIFT_OPTIMIZATION_LEVEL = "-Onone";
			};
			name = Debug;
		};
		D3D471D020A4D8AF002567DB /* Release */ = {
			isa = XCBuildConfiguration;
			buildSettings = {
				ALWAYS_SEARCH_USER_PATHS = NO;
				CLANG_ANALYZER_NONNULL = YES;
				CLANG_ANALYZER_NUMBER_OBJECT_CONVERSION = YES_AGGRESSIVE;
				CLANG_CXX_LANGUAGE_STANDARD = "gnu++14";
				CLANG_CXX_LIBRARY = "libc++";
				CLANG_ENABLE_MODULES = YES;
				CLANG_ENABLE_OBJC_ARC = YES;
				CLANG_ENABLE_OBJC_WEAK = YES;
				CLANG_WARN_BLOCK_CAPTURE_AUTORELEASING = YES;
				CLANG_WARN_BOOL_CONVERSION = YES;
				CLANG_WARN_COMMA = YES;
				CLANG_WARN_CONSTANT_CONVERSION = YES;
				CLANG_WARN_DEPRECATED_OBJC_IMPLEMENTATIONS = YES;
				CLANG_WARN_DIRECT_OBJC_ISA_USAGE = YES_ERROR;
				CLANG_WARN_DOCUMENTATION_COMMENTS = YES;
				CLANG_WARN_EMPTY_BODY = YES;
				CLANG_WARN_ENUM_CONVERSION = YES;
				CLANG_WARN_INFINITE_RECURSION = YES;
				CLANG_WARN_INT_CONVERSION = YES;
				CLANG_WARN_NON_LITERAL_NULL_CONVERSION = YES;
				CLANG_WARN_OBJC_IMPLICIT_RETAIN_SELF = YES;
				CLANG_WARN_OBJC_LITERAL_CONVERSION = YES;
				CLANG_WARN_OBJC_ROOT_CLASS = YES_ERROR;
				CLANG_WARN_RANGE_LOOP_ANALYSIS = YES;
				CLANG_WARN_STRICT_PROTOTYPES = YES;
				CLANG_WARN_SUSPICIOUS_MOVE = YES;
				CLANG_WARN_UNGUARDED_AVAILABILITY = YES_AGGRESSIVE;
				CLANG_WARN_UNREACHABLE_CODE = YES;
				CLANG_WARN__DUPLICATE_METHOD_MATCH = YES;
				CODE_SIGN_IDENTITY = "iPhone Developer";
				COPY_PHASE_STRIP = NO;
				DEBUG_INFORMATION_FORMAT = "dwarf-with-dsym";
				ENABLE_NS_ASSERTIONS = NO;
				ENABLE_STRICT_OBJC_MSGSEND = YES;
				GCC_C_LANGUAGE_STANDARD = gnu11;
				GCC_NO_COMMON_BLOCKS = YES;
				GCC_WARN_64_TO_32_BIT_CONVERSION = YES;
				GCC_WARN_ABOUT_RETURN_TYPE = YES_ERROR;
				GCC_WARN_UNDECLARED_SELECTOR = YES;
				GCC_WARN_UNINITIALIZED_AUTOS = YES_AGGRESSIVE;
				GCC_WARN_UNUSED_FUNCTION = YES;
				GCC_WARN_UNUSED_VARIABLE = YES;
				IPHONEOS_DEPLOYMENT_TARGET = 11.3;
				MTL_ENABLE_DEBUG_INFO = NO;
				SDKROOT = iphoneos;
				SWIFT_COMPILATION_MODE = wholemodule;
				SWIFT_OPTIMIZATION_LEVEL = "-O";
				VALIDATE_PRODUCT = YES;
			};
			name = Release;
		};
		D3D471D220A4D8AF002567DB /* Debug */ = {
			isa = XCBuildConfiguration;
			baseConfigurationReference = 6F47D951F99E155FEF8AEF49 /* Pods-TextDetection-Vision-MLKit.debug.xcconfig */;
			buildSettings = {
				ALWAYS_EMBED_SWIFT_STANDARD_LIBRARIES = YES;
				ASSETCATALOG_COMPILER_APPICON_NAME = AppIcon;
				CODE_SIGN_STYLE = Automatic;
				DEVELOPMENT_TEAM = T3TBY9W4TM;
				INFOPLIST_FILE = "$(SRCROOT)/TextDetection-Vision-MLKit/SupportingFiles/Info.plist";
				LD_RUNPATH_SEARCH_PATHS = (
					"$(inherited)",
					"@executable_path/Frameworks",
				);
				PRODUCT_BUNDLE_IDENTIFIER = eu.mws.textdetection.vision.mlkit;
				PRODUCT_NAME = "$(TARGET_NAME)";
				SWIFT_VERSION = 4.0;
				TARGETED_DEVICE_FAMILY = 1;
			};
			name = Debug;
		};
		D3D471D320A4D8AF002567DB /* Release */ = {
			isa = XCBuildConfiguration;
			baseConfigurationReference = 6D4898EA7B613924C1FCAE1A /* Pods-TextDetection-Vision-MLKit.release.xcconfig */;
			buildSettings = {
				ALWAYS_EMBED_SWIFT_STANDARD_LIBRARIES = YES;
				ASSETCATALOG_COMPILER_APPICON_NAME = AppIcon;
				CODE_SIGN_STYLE = Automatic;
				DEVELOPMENT_TEAM = T3TBY9W4TM;
				INFOPLIST_FILE = "$(SRCROOT)/TextDetection-Vision-MLKit/SupportingFiles/Info.plist";
				LD_RUNPATH_SEARCH_PATHS = (
					"$(inherited)",
					"@executable_path/Frameworks",
				);
				PRODUCT_BUNDLE_IDENTIFIER = eu.mws.textdetection.vision.mlkit;
				PRODUCT_NAME = "$(TARGET_NAME)";
				SWIFT_VERSION = 4.0;
				TARGETED_DEVICE_FAMILY = 1;
			};
			name = Release;
		};
/* End XCBuildConfiguration section */

/* Begin XCConfigurationList section */
		D3D471BA20A4D8AE002567DB /* Build configuration list for PBXProject "TextDetection-Vision-MLKit" */ = {
			isa = XCConfigurationList;
			buildConfigurations = (
				D3D471CF20A4D8AF002567DB /* Debug */,
				D3D471D020A4D8AF002567DB /* Release */,
			);
			defaultConfigurationIsVisible = 0;
			defaultConfigurationName = Release;
		};
		D3D471D120A4D8AF002567DB /* Build configuration list for PBXNativeTarget "TextDetection-Vision-MLKit" */ = {
			isa = XCConfigurationList;
			buildConfigurations = (
				D3D471D220A4D8AF002567DB /* Debug */,
				D3D471D320A4D8AF002567DB /* Release */,
			);
			defaultConfigurationIsVisible = 0;
			defaultConfigurationName = Release;
		};
/* End XCConfigurationList section */
	};
	rootObject = D3D471B720A4D8AE002567DB /* Project object */;
}
